
Microsoft Visual Studio Solution File, Format Version 12.00
# Visual Studio Version 17
VisualStudioVersion = 17.2.32630.192
MinimumVisualStudioVersion = 10.0.40219.1
Project("{FAE04EC0-301F-11D3-BF4B-00C04F79EFBC}") = "BasicCRUD", "BasicCRUD\BasicCRUD.csproj", "{FFEFFDA5-571D-4B46-B4C6-8991C19BFB78}"
EndProject
Project("{FAE04EC0-301F-11D3-BF4B-00C04F79EFBC}") = "BasicCRUD.Service", "BasicCRUD.Service\BasicCRUD.Service.csproj", "{D7416170-9939-472A-9D76-FAC63BE9B9D1}"
EndProject
Project("{FAE04EC0-301F-11D3-BF4B-00C04F79EFBC}") = "BasicCRUD.Dao", "BasicCRUD.Dao\BasicCRUD.Dao.csproj", "{0967D46E-D19F-41BC-B75D-9052F82EB65C}"
EndProject
Project("{FAE04EC0-301F-11D3-BF4B-00C04F79EFBC}") = "BasicCRUD.Model", "BasicCRUD.Model\BasicCRUD.Model.csproj", "{51752928-13D9-470F-8C41-8378B2814BEF}"
EndProject
Global
	GlobalSection(SolutionConfigurationPlatforms) = preSolution
		Debug|Any CPU = Debug|Any CPU
		Release|Any CPU = Release|Any CPU
	EndGlobalSection
	GlobalSection(ProjectConfigurationPlatforms) = postSolution
		{FFEFFDA5-571D-4B46-B4C6-8991C19BFB78}.Debug|Any CPU.ActiveCfg = Debug|Any CPU
		{FFEFFDA5-571D-4B46-B4C6-8991C19BFB78}.Debug|Any CPU.Build.0 = Debug|Any CPU
		{FFEFFDA5-571D-4B46-B4C6-8991C19BFB78}.Release|Any CPU.ActiveCfg = Release|Any CPU
		{FFEFFDA5-571D-4B46-B4C6-8991C19BFB78}.Release|Any CPU.Build.0 = Release|Any CPU
		{D7416170-9939-472A-9D76-FAC63BE9B9D1}.Debug|Any CPU.ActiveCfg = Debug|Any CPU
		{D7416170-9939-472A-9D76-FAC63BE9B9D1}.Debug|Any CPU.Build.0 = Debug|Any CPU
		{D7416170-9939-472A-9D76-FAC63BE9B9D1}.Release|Any CPU.ActiveCfg = Release|Any CPU
		{D7416170-9939-472A-9D76-FAC63BE9B9D1}.Release|Any CPU.Build.0 = Release|Any CPU
		{0967D46E-D19F-41BC-B75D-9052F82EB65C}.Debug|Any CPU.ActiveCfg = Debug|Any CPU
		{0967D46E-D19F-41BC-B75D-9052F82EB65C}.Debug|Any CPU.Build.0 = Debug|Any CPU
		{0967D46E-D19F-41BC-B75D-9052F82EB65C}.Release|Any CPU.ActiveCfg = Release|Any CPU
		{0967D46E-D19F-41BC-B75D-9052F82EB65C}.Release|Any CPU.Build.0 = Release|Any CPU
		{51752928-13D9-470F-8C41-8378B2814BEF}.Debug|Any CPU.ActiveCfg = Debug|Any CPU
		{51752928-13D9-470F-8C41-8378B2814BEF}.Debug|Any CPU.Build.0 = Debug|Any CPU
		{51752928-13D9-470F-8C41-8378B2814BEF}.Release|Any CPU.ActiveCfg = Release|Any CPU
		{51752928-13D9-470F-8C41-8378B2814BEF}.Release|Any CPU.Build.0 = Release|Any CPU
	EndGlobalSection
	GlobalSection(SolutionProperties) = preSolution
		HideSolutionNode = FALSE
	EndGlobalSection
	GlobalSection(ExtensibilityGlobals) = postSolution
		SolutionGuid = {1F9A3142-897B-4E8D-981E-8486AC1F8B59}
	EndGlobalSection
EndGlobal
